// !$*UTF8*$!
{
	archiveVersion = 1;
	classes = {
	};
	objectVersion = 46;
	objects = {

/* Begin PBXBuildFile section */
		C31293511DA38F4100208836 /* AppDelegate.swift in Sources */ = {isa = PBXBuildFile; fileRef = C31293501DA38F4100208836 /* AppDelegate.swift */; };
		C31293531DA38F4100208836 /* ViewController.swift in Sources */ = {isa = PBXBuildFile; fileRef = C31293521DA38F4100208836 /* ViewController.swift */; };
		C31293561DA38F4100208836 /* Main.storyboard in Resources */ = {isa = PBXBuildFile; fileRef = C31293541DA38F4100208836 /* Main.storyboard */; };
		C31293581DA38F4100208836 /* Assets.xcassets in Resources */ = {isa = PBXBuildFile; fileRef = C31293571DA38F4100208836 /* Assets.xcassets */; };
		C312935B1DA38F4100208836 /* LaunchScreen.storyboard in Resources */ = {isa = PBXBuildFile; fileRef = C31293591DA38F4100208836 /* LaunchScreen.storyboard */; };
		C31293661DA38F4100208836 /* LabelTests.swift in Sources */ = {isa = PBXBuildFile; fileRef = C31293651DA38F4100208836 /* LabelTests.swift */; };
		C31293711DA38F4100208836 /* LabelUITests.swift in Sources */ = {isa = PBXBuildFile; fileRef = C31293701DA38F4100208836 /* LabelUITests.swift */; };
/* End PBXBuildFile section */

/* Begin PBXContainerItemProxy section */
		C31293621DA38F4100208836 /* PBXContainerItemProxy */ = {
			isa = PBXContainerItemProxy;
			containerPortal = C31293451DA38F4000208836 /* Project object */;
			proxyType = 1;
			remoteGlobalIDString = C312934C1DA38F4000208836;
			remoteInfo = Label;
		};
		C312936D1DA38F4100208836 /* PBXContainerItemProxy */ = {
			isa = PBXContainerItemProxy;
			containerPortal = C31293451DA38F4000208836 /* Project object */;
			proxyType = 1;
			remoteGlobalIDString = C312934C1DA38F4000208836;
			remoteInfo = Label;
		};
/* End PBXContainerItemProxy section */

/* Begin PBXFileReference section */
		C312934D1DA38F4000208836 /* Label.app */ = {isa = PBXFileReference; explicitFileType = wrapper.application; includeInIndex = 0; path = Label.app; sourceTree = BUILT_PRODUCTS_DIR; };
		C31293501DA38F4100208836 /* AppDelegate.swift */ = {isa = PBXFileReference; lastKnownFileType = sourcecode.swift; path = AppDelegate.swift; sourceTree = "<group>"; };
		C31293521DA38F4100208836 /* ViewController.swift */ = {isa = PBXFileReference; lastKnownFileType = sourcecode.swift; path = ViewController.swift; sourceTree = "<group>"; };
		C31293551DA38F4100208836 /* Base */ = {isa = PBXFileReference; lastKnownFileType = file.storyboard; name = Base; path = Base.lproj/Main.storyboard; sourceTree = "<group>"; };
		C31293571DA38F4100208836 /* Assets.xcassets */ = {isa = PBXFileReference; lastKnownFileType = folder.assetcatalog; path = Assets.xcassets; sourceTree = "<group>"; };
		C312935A1DA38F4100208836 /* Base */ = {isa = PBXFileReference; lastKnownFileType = file.storyboard; name = Base; path = Base.lproj/LaunchScreen.storyboard; sourceTree = "<group>"; };
		C312935C1DA38F4100208836 /* Info.plist */ = {isa = PBXFileReference; lastKnownFileType = text.plist.xml; path = Info.plist; sourceTree = "<group>"; };
		C31293611DA38F4100208836 /* LabelTests.xctest */ = {isa = PBXFileReference; explicitFileType = wrapper.cfbundle; includeInIndex = 0; path = LabelTests.xctest; sourceTree = BUILT_PRODUCTS_DIR; };
		C31293651DA38F4100208836 /* LabelTests.swift */ = {isa = PBXFileReference; lastKnownFileType = sourcecode.swift; path = LabelTests.swift; sourceTree = "<group>"; };
		C31293671DA38F4100208836 /* Info.plist */ = {isa = PBXFileReference; lastKnownFileType = text.plist.xml; path = Info.plist; sourceTree = "<group>"; };
		C312936C1DA38F4100208836 /* LabelUITests.xctest */ = {isa = PBXFileReference; explicitFileType = wrapper.cfbundle; includeInIndex = 0; path = LabelUITests.xctest; sourceTree = BUILT_PRODUCTS_DIR; };
		C31293701DA38F4100208836 /* LabelUITests.swift */ = {isa = PBXFileReference; lastKnownFileType = sourcecode.swift; path = LabelUITests.swift; sourceTree = "<group>"; };
		C31293721DA38F4100208836 /* Info.plist */ = {isa = PBXFileReference; lastKnownFileType = text.plist.xml; path = Info.plist; sourceTree = "<group>"; };
/* End PBXFileReference section */

/* Begin PBXFrameworksBuildPhase section */
		C312934A1DA38F4000208836 /* Frameworks */ = {
			isa = PBXFrameworksBuildPhase;
			buildActionMask = 2147483647;
			files = (
			);
			runOnlyForDeploymentPostprocessing = 0;
		};
		C312935E1DA38F4100208836 /* Frameworks */ = {
			isa = PBXFrameworksBuildPhase;
			buildActionMask = 2147483647;
			files = (
			);
			runOnlyForDeploymentPostprocessing = 0;
		};
		C31293691DA38F4100208836 /* Frameworks */ = {
			isa = PBXFrameworksBuildPhase;
			buildActionMask = 2147483647;
			files = (
			);
			runOnlyForDeploymentPostprocessing = 0;
		};
/* End PBXFrameworksBuildPhase section */

/* Begin PBXGroup section */
		C31293441DA38F4000208836 = {
			isa = PBXGroup;
			children = (
				C312934F1DA38F4000208836 /* Label */,
				C31293641DA38F4100208836 /* LabelTests */,
				C312936F1DA38F4100208836 /* LabelUITests */,
				C312934E1DA38F4000208836 /* Products */,
			);
			sourceTree = "<group>";
		};
		C312934E1DA38F4000208836 /* Products */ = {
			isa = PBXGroup;
			children = (
				C312934D1DA38F4000208836 /* Label.app */,
				C31293611DA38F4100208836 /* LabelTests.xctest */,
				C312936C1DA38F4100208836 /* LabelUITests.xctest */,
			);
			name = Products;
			sourceTree = "<group>";
		};
		C312934F1DA38F4000208836 /* Label */ = {
			isa = PBXGroup;
			children = (
				C31293501DA38F4100208836 /* AppDelegate.swift */,
				C31293521DA38F4100208836 /* ViewController.swift */,
				C31293541DA38F4100208836 /* Main.storyboard */,
				C31293571DA38F4100208836 /* Assets.xcassets */,
				C31293591DA38F4100208836 /* LaunchScreen.storyboard */,
				C312935C1DA38F4100208836 /* Info.plist */,
			);
			path = Label;
			sourceTree = "<group>";
		};
		C31293641DA38F4100208836 /* LabelTests */ = {
			isa = PBXGroup;
			children = (
				C31293651DA38F4100208836 /* LabelTests.swift */,
				C31293671DA38F4100208836 /* Info.plist */,
			);
			path = LabelTests;
			sourceTree = "<group>";
		};
		C312936F1DA38F4100208836 /* LabelUITests */ = {
			isa = PBXGroup;
			children = (
				C31293701DA38F4100208836 /* LabelUITests.swift */,
				C31293721DA38F4100208836 /* Info.plist */,
			);
			path = LabelUITests;
			sourceTree = "<group>";
		};
/* End PBXGroup section */

/* Begin PBXNativeTarget section */
		C312934C1DA38F4000208836 /* Label */ = {
			isa = PBXNativeTarget;
			buildConfigurationList = C31293751DA38F4100208836 /* Build configuration list for PBXNativeTarget "Label" */;
			buildPhases = (
				C31293491DA38F4000208836 /* Sources */,
				C312934A1DA38F4000208836 /* Frameworks */,
				C312934B1DA38F4000208836 /* Resources */,
			);
			buildRules = (
			);
			dependencies = (
			);
			name = Label;
			productName = Label;
			productReference = C312934D1DA38F4000208836 /* Label.app */;
			productType = "com.apple.product-type.application";
		};
		C31293601DA38F4100208836 /* LabelTests */ = {
			isa = PBXNativeTarget;
			buildConfigurationList = C31293781DA38F4100208836 /* Build configuration list for PBXNativeTarget "LabelTests" */;
			buildPhases = (
				C312935D1DA38F4100208836 /* Sources */,
				C312935E1DA38F4100208836 /* Frameworks */,
				C312935F1DA38F4100208836 /* Resources */,
			);
			buildRules = (
			);
			dependencies = (
				C31293631DA38F4100208836 /* PBXTargetDependency */,
			);
			name = LabelTests;
			productName = LabelTests;
			productReference = C31293611DA38F4100208836 /* LabelTests.xctest */;
			productType = "com.apple.product-type.bundle.unit-test";
		};
		C312936B1DA38F4100208836 /* LabelUITests */ = {
			isa = PBXNativeTarget;
			buildConfigurationList = C312937B1DA38F4100208836 /* Build configuration list for PBXNativeTarget "LabelUITests" */;
			buildPhases = (
				C31293681DA38F4100208836 /* Sources */,
				C31293691DA38F4100208836 /* Frameworks */,
				C312936A1DA38F4100208836 /* Resources */,
			);
			buildRules = (
			);
			dependencies = (
				C312936E1DA38F4100208836 /* PBXTargetDependency */,
			);
			name = LabelUITests;
			productName = LabelUITests;
			productReference = C312936C1DA38F4100208836 /* LabelUITests.xctest */;
			productType = "com.apple.product-type.bundle.ui-testing";
		};
/* End PBXNativeTarget section */

/* Begin PBXProject section */
		C31293451DA38F4000208836 /* Project object */ = {
			isa = PBXProject;
			attributes = {
				LastSwiftUpdateCheck = 0800;
				LastUpgradeCheck = 0800;
				ORGANIZATIONNAME = uch;
				TargetAttributes = {
					C312934C1DA38F4000208836 = {
						CreatedOnToolsVersion = 8.0;
						ProvisioningStyle = Automatic;
					};
					C31293601DA38F4100208836 = {
						CreatedOnToolsVersion = 8.0;
						ProvisioningStyle = Automatic;
						TestTargetID = C312934C1DA38F4000208836;
					};
					C312936B1DA38F4100208836 = {
						CreatedOnToolsVersion = 8.0;
						ProvisioningStyle = Automatic;
						TestTargetID = C312934C1DA38F4000208836;
					};
				};
			};
			buildConfigurationList = C31293481DA38F4000208836 /* Build configuration list for PBXProject "Label" */;
			compatibilityVersion = "Xcode 3.2";
			developmentRegion = English;
			hasScannedForEncodings = 0;
			knownRegions = (
				en,
				Base,
			);
			mainGroup = C31293441DA38F4000208836;
			productRefGroup = C312934E1DA38F4000208836 /* Products */;
			projectDirPath = "";
			projectRoot = "";
			targets = (
				C312934C1DA38F4000208836 /* Label */,
				C31293601DA38F4100208836 /* LabelTests */,
				C312936B1DA38F4100208836 /* LabelUITests */,
			);
		};
/* End PBXProject section */

/* Begin PBXResourcesBuildPhase section */
		C312934B1DA38F4000208836 /* Resources */ = {
			isa = PBXResourcesBuildPhase;
			buildActionMask = 2147483647;
			files = (
				C312935B1DA38F4100208836 /* LaunchScreen.storyboard in Resources */,
				C31293581DA38F4100208836 /* Assets.xcassets in Resources */,
				C31293561DA38F4100208836 /* Main.storyboard in Resources */,
			);
			runOnlyForDeploymentPostprocessing = 0;
		};
		C312935F1DA38F4100208836 /* Resources */ = {
			isa = PBXResourcesBuildPhase;
			buildActionMask = 2147483647;
			files = (
			);
			runOnlyForDeploymentPostprocessing = 0;
		};
		C312936A1DA38F4100208836 /* Resources */ = {
			isa = PBXResourcesBuildPhase;
			buildActionMask = 2147483647;
			files = (
			);
			runOnlyForDeploymentPostprocessing = 0;
		};
/* End PBXResourcesBuildPhase section */

/* Begin PBXSourcesBuildPhase section */
		C31293491DA38F4000208836 /* Sources */ = {
			isa = PBXSourcesBuildPhase;
			buildActionMask = 2147483647;
			files = (
				C31293531DA38F4100208836 /* ViewController.swift in Sources */,
				C31293511DA38F4100208836 /* AppDelegate.swift in Sources */,
			);
			runOnlyForDeploymentPostprocessing = 0;
		};
		C312935D1DA38F4100208836 /* Sources */ = {
			isa = PBXSourcesBuildPhase;
			buildActionMask = 2147483647;
			files = (
				C31293661DA38F4100208836 /* LabelTests.swift in Sources */,
			);
			runOnlyForDeploymentPostprocessing = 0;
		};
		C31293681DA38F4100208836 /* Sources */ = {
			isa = PBXSourcesBuildPhase;
			buildActionMask = 2147483647;
			files = (
				C31293711DA38F4100208836 /* LabelUITests.swift in Sources */,
			);
			runOnlyForDeploymentPostprocessing = 0;
		};
/* End PBXSourcesBuildPhase section */

/* Begin PBXTargetDependency section */
		C31293631DA38F4100208836 /* PBXTargetDependency */ = {
			isa = PBXTargetDependency;
			target = C312934C1DA38F4000208836 /* Label */;
			targetProxy = C31293621DA38F4100208836 /* PBXContainerItemProxy */;
		};
		C312936E1DA38F4100208836 /* PBXTargetDependency */ = {
			isa = PBXTargetDependency;
			target = C312934C1DA38F4000208836 /* Label */;
			targetProxy = C312936D1DA38F4100208836 /* PBXContainerItemProxy */;
		};
/* End PBXTargetDependency section */

/* Begin PBXVariantGroup section */
		C31293541DA38F4100208836 /* Main.storyboard */ = {
			isa = PBXVariantGroup;
			children = (
				C31293551DA38F4100208836 /* Base */,
			);
			name = Main.storyboard;
			sourceTree = "<group>";
		};
		C31293591DA38F4100208836 /* LaunchScreen.storyboard */ = {
			isa = PBXVariantGroup;
			children = (
				C312935A1DA38F4100208836 /* Base */,
			);
			name = LaunchScreen.storyboard;
			sourceTree = "<group>";
		};
/* End PBXVariantGroup section */

/* Begin XCBuildConfiguration section */
		C31293731DA38F4100208836 /* Debug */ = {
			isa = XCBuildConfiguration;
			buildSettings = {
				ALWAYS_SEARCH_USER_PATHS = NO;
				CLANG_ANALYZER_NONNULL = YES;
				CLANG_CXX_LANGUAGE_STANDARD = "gnu++0x";
				CLANG_CXX_LIBRARY = "libc++";
				CLANG_ENABLE_MODULES = YES;
				CLANG_ENABLE_OBJC_ARC = YES;
				CLANG_WARN_BOOL_CONVERSION = YES;
				CLANG_WARN_CONSTANT_CONVERSION = YES;
				CLANG_WARN_DIRECT_OBJC_ISA_USAGE = YES_ERROR;
				CLANG_WARN_DOCUMENTATION_COMMENTS = YES;
				CLANG_WARN_EMPTY_BODY = YES;
				CLANG_WARN_ENUM_CONVERSION = YES;
				CLANG_WARN_INFINITE_RECURSION = YES;
				CLANG_WARN_INT_CONVERSION = YES;
				CLANG_WARN_OBJC_ROOT_CLASS = YES_ERROR;
				CLANG_WARN_SUSPICIOUS_MOVES = YES;
				CLANG_WARN_UNREACHABLE_CODE = YES;
				CLANG_WARN__DUPLICATE_METHOD_MATCH = YES;
				"CODE_SIGN_IDENTITY[sdk=iphoneos*]" = "iPhone Developer";
				COPY_PHASE_STRIP = NO;
				DEBUG_INFORMATION_FORMAT = dwarf;
				ENABLE_STRICT_OBJC_MSGSEND = YES;
				ENABLE_TESTABILITY = YES;
				GCC_C_LANGUAGE_STANDARD = gnu99;
				GCC_DYNAMIC_NO_PIC = NO;
				GCC_NO_COMMON_BLOCKS = YES;
				GCC_OPTIMIZATION_LEVEL = 0;
				GCC_PREPROCESSOR_DEFINITIONS = (
					"DEBUG=1",
					"$(inherited)",
				);
				GCC_WARN_64_TO_32_BIT_CONVERSION = YES;
				GCC_WARN_ABOUT_RETURN_TYPE = YES_ERROR;
				GCC_WARN_UNDECLARED_SELECTOR = YES;
				GCC_WARN_UNINITIALIZED_AUTOS = YES_AGGRESSIVE;
				GCC_WARN_UNUSED_FUNCTION = YES;
				GCC_WARN_UNUSED_VARIABLE = YES;
				IPHONEOS_DEPLOYMENT_TARGET = 10.0;
				MTL_ENABLE_DEBUG_INFO = YES;
				ONLY_ACTIVE_ARCH = YES;
				SDKROOT = iphoneos;
				SWIFT_ACTIVE_COMPILATION_CONDITIONS = DEBUG;
				SWIFT_OPTIMIZATION_LEVEL = "-Onone";
			};
			name = Debug;
		};
		C31293741DA38F4100208836 /* Release */ = {
			isa = XCBuildConfiguration;
			buildSettings = {
				ALWAYS_SEARCH_USER_PATHS = NO;
				CLANG_ANALYZER_NONNULL = YES;
				CLANG_CXX_LANGUAGE_STANDARD = "gnu++0x";
				CLANG_CXX_LIBRARY = "libc++";
				CLANG_ENABLE_MODULES = YES;
				CLANG_ENABLE_OBJC_ARC = YES;
				CLANG_WARN_BOOL_CONVERSION = YES;
				CLANG_WARN_CONSTANT_CONVERSION = YES;
				CLANG_WARN_DIRECT_OBJC_ISA_USAGE = YES_ERROR;
				CLANG_WARN_DOCUMENTATION_COMMENTS = YES;
				CLANG_WARN_EMPTY_BODY = YES;
				CLANG_WARN_ENUM_CONVERSION = YES;
				CLANG_WARN_INFINITE_RECURSION = YES;
				CLANG_WARN_INT_CONVERSION = YES;
				CLANG_WARN_OBJC_ROOT_CLASS = YES_ERROR;
				CLANG_WARN_SUSPICIOUS_MOVES = YES;
				CLANG_WARN_UNREACHABLE_CODE = YES;
				CLANG_WARN__DUPLICATE_METHOD_MATCH = YES;
				"CODE_SIGN_IDENTITY[sdk=iphoneos*]" = "iPhone Developer";
				COPY_PHASE_STRIP = NO;
				DEBUG_INFORMATION_FORMAT = "dwarf-with-dsym";
				ENABLE_NS_ASSERTIONS = NO;
				ENABLE_STRICT_OBJC_MSGSEND = YES;
				GCC_C_LANGUAGE_STANDARD = gnu99;
				GCC_NO_COMMON_BLOCKS = YES;
				GCC_WARN_64_TO_32_BIT_CONVERSION = YES;
				GCC_WARN_ABOUT_RETURN_TYPE = YES_ERROR;
				GCC_WARN_UNDECLARED_SELECTOR = YES;
				GCC_WARN_UNINITIALIZED_AUTOS = YES_AGGRESSIVE;
				GCC_WARN_UNUSED_FUNCTION = YES;
				GCC_WARN_UNUSED_VARIABLE = YES;
				IPHONEOS_DEPLOYMENT_TARGET = 10.0;
				MTL_ENABLE_DEBUG_INFO = NO;
				SDKROOT = iphoneos;
				SWIFT_OPTIMIZATION_LEVEL = "-Owholemodule";
				VALIDATE_PRODUCT = YES;
			};
			name = Release;
		};
		C31293761DA38F4100208836 /* Debug */ = {
			isa = XCBuildConfiguration;
			buildSettings = {
				ASSETCATALOG_COMPILER_APPICON_NAME = AppIcon;
				INFOPLIST_FILE = Label/Info.plist;
				LD_RUNPATH_SEARCH_PATHS = "$(inherited) @executable_path/Frameworks";
				PRODUCT_BUNDLE_IDENTIFIER = tw.edu.uch.Label;
				PRODUCT_NAME = "$(TARGET_NAME)";
				SWIFT_VERSION = 3.0;
			};
			name = Debug;
		};
		C31293771DA38F4100208836 /* Release */ = {
			isa = XCBuildConfiguration;
			buildSettings = {
				ASSETCATALOG_COMPILER_APPICON_NAME = AppIcon;
				INFOPLIST_FILE = Label/Info.plist;
				LD_RUNPATH_SEARCH_PATHS = "$(inherited) @executable_path/Frameworks";
				PRODUCT_BUNDLE_IDENTIFIER = tw.edu.uch.Label;
				PRODUCT_NAME = "$(TARGET_NAME)";
				SWIFT_VERSION = 3.0;
			};
			name = Release;
		};
		C31293791DA38F4100208836 /* Debug */ = {
			isa = XCBuildConfiguration;
			buildSettings = {
				ALWAYS_EMBED_SWIFT_STANDARD_LIBRARIES = YES;
				BUNDLE_LOADER = "$(TEST_HOST)";
				INFOPLIST_FILE = LabelTests/Info.plist;
				LD_RUNPATH_SEARCH_PATHS = "$(inherited) @executable_path/Frameworks @loader_path/Frameworks";
				PRODUCT_BUNDLE_IDENTIFIER = tw.edu.uch.LabelTests;
				PRODUCT_NAME = "$(TARGET_NAME)";
				SWIFT_VERSION = 3.0;
				TEST_HOST = "$(BUILT_PRODUCTS_DIR)/Label.app/Label";
			};
			name = Debug;
		};
		C312937A1DA38F4100208836 /* Release */ = {
			isa = XCBuildConfiguration;
			buildSettings = {
				ALWAYS_EMBED_SWIFT_STANDARD_LIBRARIES = YES;
				BUNDLE_LOADER = "$(TEST_HOST)";
				INFOPLIST_FILE = LabelTests/Info.plist;
				LD_RUNPATH_SEARCH_PATHS = "$(inherited) @executable_path/Frameworks @loader_path/Frameworks";
				PRODUCT_BUNDLE_IDENTIFIER = tw.edu.uch.LabelTests;
				PRODUCT_NAME = "$(TARGET_NAME)";
				SWIFT_VERSION = 3.0;
				TEST_HOST = "$(BUILT_PRODUCTS_DIR)/Label.app/Label";
			};
			name = Release;
		};
		C312937C1DA38F4100208836 /* Debug */ = {
			isa = XCBuildConfiguration;
			buildSettings = {
				ALWAYS_EMBED_SWIFT_STANDARD_LIBRARIES = YES;
				INFOPLIST_FILE = LabelUITests/Info.plist;
				LD_RUNPATH_SEARCH_PATHS = "$(inherited) @executable_path/Frameworks @loader_path/Frameworks";
				PRODUCT_BUNDLE_IDENTIFIER = tw.edu.uch.LabelUITests;
				PRODUCT_NAME = "$(TARGET_NAME)";
				SWIFT_VERSION = 3.0;
				TEST_TARGET_NAME = Label;
			};
			name = Debug;
		};
		C312937D1DA38F4100208836 /* Release */ = {
			isa = XCBuildConfiguration;
			buildSettings = {
				ALWAYS_EMBED_SWIFT_STANDARD_LIBRARIES = YES;
				INFOPLIST_FILE = LabelUITests/Info.plist;
				LD_RUNPATH_SEARCH_PATHS = "$(inherited) @executable_path/Frameworks @loader_path/Frameworks";
				PRODUCT_BUNDLE_IDENTIFIER = tw.edu.uch.LabelUITests;
				PRODUCT_NAME = "$(TARGET_NAME)";
				SWIFT_VERSION = 3.0;
				TEST_TARGET_NAME = Label;
			};
			name = Release;
		};
/* End XCBuildConfiguration section */

/* Begin XCConfigurationList section */
		C31293481DA38F4000208836 /* Build configuration list for PBXProject "Label" */ = {
			isa = XCConfigurationList;
			buildConfigurations = (
				C31293731DA38F4100208836 /* Debug */,
				C31293741DA38F4100208836 /* Release */,
			);
			defaultConfigurationIsVisible = 0;
			defaultConfigurationName = Release;
		};
		C31293751DA38F4100208836 /* Build configuration list for PBXNativeTarget "Label" */ = {
			isa = XCConfigurationList;
			buildConfigurations = (
				C31293761DA38F4100208836 /* Debug */,
				C31293771DA38F4100208836 /* Release */,
			);
			defaultConfigurationIsVisible = 0;
		};
		C31293781DA38F4100208836 /* Build configuration list for PBXNativeTarget "LabelTests" */ = {
			isa = XCConfigurationList;
			buildConfigurations = (
				C31293791DA38F4100208836 /* Debug */,
				C312937A1DA38F4100208836 /* Release */,
			);
			defaultConfigurationIsVisible = 0;
		};
		C312937B1DA38F4100208836 /* Build configuration list for PBXNativeTarget "LabelUITests" */ = {
			isa = XCConfigurationList;
			buildConfigurations = (
				C312937C1DA38F4100208836 /* Debug */,
				C312937D1DA38F4100208836 /* Release */,
			);
			defaultConfigurationIsVisible = 0;
		};
/* End XCConfigurationList section */
	};
	rootObject = C31293451DA38F4000208836 /* Project object */;
}
